
Microsoft Visual Studio Solution File, Format Version 12.00
# Visual Studio Version 16
VisualStudioVersion = 16.0.29009.5
MinimumVisualStudioVersion = 10.0.40219.1
Project("{FAE04EC0-301F-11D3-BF4B-00C04F79EFBC}") = "MVCMovie", "MVCMovie\MVCMovie.csproj", "{9BA54C2C-0CAE-43DE-8073-E83C4BF50FB5}"
EndProject
Global
	GlobalSection(SolutionConfigurationPlatforms) = preSolution
		Debug|Any CPU = Debug|Any CPU
		Release|Any CPU = Release|Any CPU
	EndGlobalSection
	GlobalSection(ProjectConfigurationPlatforms) = postSolution
		{9BA54C2C-0CAE-43DE-8073-E83C4BF50FB5}.Debug|Any CPU.ActiveCfg = Debug|Any CPU
		{9BA54C2C-0CAE-43DE-8073-E83C4BF50FB5}.Debug|Any CPU.Build.0 = Debug|Any CPU
		{9BA54C2C-0CAE-43DE-8073-E83C4BF50FB5}.Release|Any CPU.ActiveCfg = Release|Any CPU
		{9BA54C2C-0CAE-43DE-8073-E83C4BF50FB5}.Release|Any CPU.Build.0 = Release|Any CPU
	EndGlobalSection
	GlobalSection(SolutionProperties) = preSolution
		HideSolutionNode = FALSE
	EndGlobalSection
	GlobalSection(ExtensibilityGlobals) = postSolution
		SolutionGuid = {81691FF0-71B5-4054-B6E3-BB003A7DCDB6}
	EndGlobalSection
EndGlobal
